schema: '2.0'
stages:
  split:
    cmd: python split.py events.csv events-train.csv events-test.csv
    deps:
    - path: events.csv
      md5: a181e156773daf1620f139fd87d0b9eb
      size: 1119
    - path: split.py
      md5: b3a178d35c7926190fb8bdce5b7681d5
      size: 713
    outs:
    - path: events-test.csv
      md5: 012d63ebb79cbf475c14ba8f3c2078d5
      size: 345
    - path: events-train.csv
      md5: bc0884988797a71c9e7dee2d95fb448b
      size: 774
  featurize:
    cmd: python featurize.py events-train.csv events-train-feats.csv
    deps:
    - path: events-train.csv
      md5: bc0884988797a71c9e7dee2d95fb448b
      size: 774
    - path: featurize.py
      md5: f97a58d467f7f8bd21f812a40341a4ca
      size: 699
    outs:
    - path: events-train-feats.csv
      md5: b056fc7738e0412a1b38eb60c227040f
      size: 46
  train:
    cmd: python train.py events-train-feats.csv model.json
    deps:
    - path: events-train-feats.csv
      md5: b056fc7738e0412a1b38eb60c227040f
      size: 46
    - path: train.py
      md5: bcd94f7b572989ae268146ac2851d7bd
      size: 1320
    params:
      params.yaml:
        epochs: 45
        estimators: 168
        features: 1261
        max_features: 1847
        min_features: 3494
        passes: 65
        random_state: 188663604
        weight_factor: 0.19131
    outs:
    - path: model.json
      md5: d21d5ab14033e69bdb7b1392334e7c52
      size: 305
  evaluate:
    cmd: python evaluate.py model.json events-test.csv
    deps:
    - path: evaluate.py
      md5: 93b0f7a82313065991647069ff358c83
      size: 42864
    - path: events-test.csv
      md5: 012d63ebb79cbf475c14ba8f3c2078d5
      size: 345
    - path: model.json
      md5: d21d5ab14033e69bdb7b1392334e7c52
      size: 305
    outs:
    - path: metrics.json
      md5: 9596b3398b7f3bc042f8f2a15324d2b6
      size: 1204
