schema: '2.0'
stages:
  split:
    cmd: python split.py events.csv events-train.csv events-test.csv
    deps:
    - path: events.csv
      md5: f7aeaa3bb0fc92a55eaef2c915f1769b
      size: 3828
    - path: split.py
      md5: be5450939904091d9416b764dc35eb08
      size: 714
    outs:
    - path: events-test.csv
      md5: 1a9603b25900b83791167de4d2e551a9
      size: 902
    - path: events-train.csv
      md5: f242b45a78e0fc95d67a7bd056447f65
      size: 2926
  featurize:
    cmd: python featurize.py events-train.csv events-train-feats.csv
    deps:
    - path: events-train.csv
      md5: f242b45a78e0fc95d67a7bd056447f65
      size: 2926
    - path: featurize.py
      md5: 2e3be0ad53e3c91123cd0f37cd237998
      size: 703
    outs:
    - path: events-train-feats.csv
      md5: 06a8de56fb64ad12c3df42f6f9d34cd9
      size: 48
  train:
    cmd: python train.py events-train-feats.csv model.json
    deps:
    - path: events-train-feats.csv
      md5: 06a8de56fb64ad12c3df42f6f9d34cd9
      size: 48
    - path: train.py
      md5: 4dee7bf4c9b3cc2706466914a69f9282
      size: 1323
    params:
      params.yaml:
        epochs: 41
        estimators: 207
        features: 844
        max_features: 1655
        min_features: 4968
        passes: 60
        random_state: 135057791
        weight_factor: 0.17277
    outs:
    - path: model.json
      md5: 686b124a2378a5fab22353379db212b2
      size: 307
  evaluate:
    cmd: python evaluate.py model.json events-test.csv
    deps:
    - path: evaluate.py
      md5: 79be00343e1b35b8a1b7721349ab8b00
      size: 42866
    - path: events-test.csv
      md5: 1a9603b25900b83791167de4d2e551a9
      size: 902
    - path: model.json
      md5: 686b124a2378a5fab22353379db212b2
      size: 307
    outs:
    - path: metrics.json
      md5: 7b805edea29bbae15fd1d22e2a52213c
      size: 1219
