schema: '2.0'
stages:
  split:
    cmd: python split.py events.csv events-train.csv events-test.csv
    deps:
    - path: events.csv
      md5: 3a7a313a602a775ccb10473f5b4381f4
      size: 2997
    - path: split.py
      md5: b3a178d35c7926190fb8bdce5b7681d5
      size: 713
    outs:
    - path: events-test.csv
      md5: 8c82adafdaa3f36a829778e546f7c54c
      size: 803
    - path: events-train.csv
      md5: 2305007de372d9785d6234746c29539d
      size: 2194
  featurize:
    cmd: python featurize.py events-train.csv events-train-feats.csv
    deps:
    - path: events-train.csv
      md5: 2305007de372d9785d6234746c29539d
      size: 2194
    - path: featurize.py
      md5: 3251a2c51e2f8c9212bb9afce58e52db
      size: 701
    outs:
    - path: events-train-feats.csv
      md5: 12ab71ba803340095dca059d1d20a61f
      size: 47
  train:
    cmd: python train.py events-train-feats.csv model.json
    deps:
    - path: events-train-feats.csv
      md5: 12ab71ba803340095dca059d1d20a61f
      size: 47
    - path: train.py
      md5: fb8c49eec3e37bc6a6dc3d065e021950
      size: 1322
    params:
      params.yaml:
        epochs: 41
        estimators: 207
        features: 844
        max_features: 1655
        min_features: 4921
        passes: 60
        random_state: 135057791
        weight_factor: 0.17277
    outs:
    - path: model.json
      md5: b4052c2ddff45d98a41f65424781f729
      size: 306
  evaluate:
    cmd: python evaluate.py model.json events-test.csv
    deps:
    - path: evaluate.py
      md5: 79be00343e1b35b8a1b7721349ab8b00
      size: 42866
    - path: events-test.csv
      md5: 8c82adafdaa3f36a829778e546f7c54c
      size: 803
    - path: model.json
      md5: b4052c2ddff45d98a41f65424781f729
      size: 306
    outs:
    - path: metrics.json
      md5: 4ab118cc46418e12e95e5d9593b5bb71
      size: 1214
